
Microsoft Visual Studio Solution File, Format Version 12.00
# Visual Studio Version 17
VisualStudioVersion = 17.1.32414.318
MinimumVisualStudioVersion = 10.0.40219.1
Project("{FAE04EC0-301F-11D3-BF4B-00C04F79EFBC}") = "ProductPoC", "ProductPoC\ProductPoC.csproj", "{F8F57A12-2503-4570-AFEB-70C807645031}"
EndProject
Global
	GlobalSection(SolutionConfigurationPlatforms) = preSolution
		Debug|Any CPU = Debug|Any CPU
		Release|Any CPU = Release|Any CPU
	EndGlobalSection
	GlobalSection(ProjectConfigurationPlatforms) = postSolution
		{F8F57A12-2503-4570-AFEB-70C807645031}.Debug|Any CPU.ActiveCfg = Debug|Any CPU
		{F8F57A12-2503-4570-AFEB-70C807645031}.Debug|Any CPU.Build.0 = Debug|Any CPU
		{F8F57A12-2503-4570-AFEB-70C807645031}.Release|Any CPU.ActiveCfg = Release|Any CPU
		{F8F57A12-2503-4570-AFEB-70C807645031}.Release|Any CPU.Build.0 = Release|Any CPU
	EndGlobalSection
	GlobalSection(SolutionProperties) = preSolution
		HideSolutionNode = FALSE
	EndGlobalSection
	GlobalSection(ExtensibilityGlobals) = postSolution
		SolutionGuid = {C73268A7-1607-491A-95D5-906DC7C22A7E}
	EndGlobalSection
EndGlobal
